
Microsoft Visual Studio Solution File, Format Version 12.00
# Visual Studio Version 17
VisualStudioVersion = 17.13.35919.96 d17.13
MinimumVisualStudioVersion = 10.0.40219.1
Project("{8BC9CEB8-8B4A-11D0-8D11-00A0C91BC942}") = "Console", "Console.vcxproj", "{1BC9842D-5530-4233-84F3-E54D404D98AE}"
EndProject
Global
	GlobalSection(SolutionConfigurationPlatforms) = preSolution
		Debug|x64 = Debug|x64
		Debug|x86 = Debug|x86
		Release|x64 = Release|x64
		Release|x86 = Release|x86
	EndGlobalSection
	GlobalSection(ProjectConfigurationPlatforms) = postSolution
		{1BC9842D-5530-4233-84F3-E54D404D98AE}.Debug|x64.ActiveCfg = Debug|x64
		{1BC9842D-5530-4233-84F3-E54D404D98AE}.Debug|x64.Build.0 = Debug|x64
		{1BC9842D-5530-4233-84F3-E54D404D98AE}.Debug|x86.ActiveCfg = Debug|Win32
		{1BC9842D-5530-4233-84F3-E54D404D98AE}.Debug|x86.Build.0 = Debug|Win32
		{1BC9842D-5530-4233-84F3-E54D404D98AE}.Release|x64.ActiveCfg = Release|x64
		{1BC9842D-5530-4233-84F3-E54D404D98AE}.Release|x64.Build.0 = Release|x64
		{1BC9842D-5530-4233-84F3-E54D404D98AE}.Release|x86.ActiveCfg = Release|Win32
		{1BC9842D-5530-4233-84F3-E54D404D98AE}.Release|x86.Build.0 = Release|Win32
	EndGlobalSection
	GlobalSection(SolutionProperties) = preSolution
		HideSolutionNode = FALSE
	EndGlobalSection
	GlobalSection(ExtensibilityGlobals) = postSolution
		SolutionGuid = {E603562D-7340-46CE-97A2-AEA89DEDBD7A}
	EndGlobalSection
EndGlobal
